
Microsoft Visual Studio Solution File, Format Version 12.00
# Visual Studio 2012
Project("{FAE04EC0-301F-11D3-BF4B-00C04F79EFBC}") = "SatrancOOP", "SatrancOOP\SatrancOOP.csproj", "{B7FE2410-A2F7-4B73-ABC6-6AC2B1B75C38}"
EndProject
Project("{FAE04EC0-301F-11D3-BF4B-00C04F79EFBC}") = "SatrancOOPDiagrams", "SatrancOOPDiagrams\SatrancOOPDiagrams.csproj", "{828D2842-47F7-4EF6-AE3D-6959D79D8168}"
EndProject
Project("{FAE04EC0-301F-11D3-BF4B-00C04F79EFBC}") = "SatrancWinform", "SatrancWinform\SatrancWinform.csproj", "{F9ED57F4-0348-4BF6-8955-B29E67963E6D}"
EndProject
Global
	GlobalSection(SolutionConfigurationPlatforms) = preSolution
		Debug|Any CPU = Debug|Any CPU
		Release|Any CPU = Release|Any CPU
	EndGlobalSection
	GlobalSection(ProjectConfigurationPlatforms) = postSolution
		{B7FE2410-A2F7-4B73-ABC6-6AC2B1B75C38}.Debug|Any CPU.ActiveCfg = Debug|Any CPU
		{B7FE2410-A2F7-4B73-ABC6-6AC2B1B75C38}.Debug|Any CPU.Build.0 = Debug|Any CPU
		{B7FE2410-A2F7-4B73-ABC6-6AC2B1B75C38}.Release|Any CPU.ActiveCfg = Release|Any CPU
		{B7FE2410-A2F7-4B73-ABC6-6AC2B1B75C38}.Release|Any CPU.Build.0 = Release|Any CPU
		{828D2842-47F7-4EF6-AE3D-6959D79D8168}.Debug|Any CPU.ActiveCfg = Debug|Any CPU
		{828D2842-47F7-4EF6-AE3D-6959D79D8168}.Debug|Any CPU.Build.0 = Debug|Any CPU
		{828D2842-47F7-4EF6-AE3D-6959D79D8168}.Release|Any CPU.ActiveCfg = Release|Any CPU
		{828D2842-47F7-4EF6-AE3D-6959D79D8168}.Release|Any CPU.Build.0 = Release|Any CPU
		{F9ED57F4-0348-4BF6-8955-B29E67963E6D}.Debug|Any CPU.ActiveCfg = Debug|Any CPU
		{F9ED57F4-0348-4BF6-8955-B29E67963E6D}.Debug|Any CPU.Build.0 = Debug|Any CPU
		{F9ED57F4-0348-4BF6-8955-B29E67963E6D}.Release|Any CPU.ActiveCfg = Release|Any CPU
		{F9ED57F4-0348-4BF6-8955-B29E67963E6D}.Release|Any CPU.Build.0 = Release|Any CPU
	EndGlobalSection
	GlobalSection(SolutionProperties) = preSolution
		HideSolutionNode = FALSE
	EndGlobalSection
EndGlobal
